
Microsoft Visual Studio Solution File, Format Version 12.00
# Visual Studio Version 17
VisualStudioVersion = 17.1.32228.430
MinimumVisualStudioVersion = 10.0.40219.1
Project("{9A19103F-16F7-4668-BE54-9A1E7A4F7556}") = "WindowTranslator", "WindowTranslator\WindowTranslator.csproj", "{29ACE192-BE00-40AC-82D4-CD527047A7C0}"
EndProject
Project("{2150E333-8FDC-42A3-9474-1A3956D46DE8}") = "Solution Items", "Solution Items", "{90C4837E-3350-4820-8B62-F81E18B8D609}"
	ProjectSection(SolutionItems) = preProject
		.editorconfig = .editorconfig
		Directory.Build.props = Directory.Build.props
	EndProjectSection
EndProject
Project("{9A19103F-16F7-4668-BE54-9A1E7A4F7556}") = "Composition.WindowsRuntimeHelpers", "Composition.WindowsRuntimeHelpers\Composition.WindowsRuntimeHelpers.csproj", "{F1A4F2BD-B093-44B4-9133-DA9F197CD052}"
EndProject
Global
	GlobalSection(SolutionConfigurationPlatforms) = preSolution
		Debug|Any CPU = Debug|Any CPU
		Release|Any CPU = Release|Any CPU
	EndGlobalSection
	GlobalSection(ProjectConfigurationPlatforms) = postSolution
		{29ACE192-BE00-40AC-82D4-CD527047A7C0}.Debug|Any CPU.ActiveCfg = Debug|Any CPU
		{29ACE192-BE00-40AC-82D4-CD527047A7C0}.Debug|Any CPU.Build.0 = Debug|Any CPU
		{29ACE192-BE00-40AC-82D4-CD527047A7C0}.Release|Any CPU.ActiveCfg = Release|Any CPU
		{29ACE192-BE00-40AC-82D4-CD527047A7C0}.Release|Any CPU.Build.0 = Release|Any CPU
		{F1A4F2BD-B093-44B4-9133-DA9F197CD052}.Debug|Any CPU.ActiveCfg = Debug|Any CPU
		{F1A4F2BD-B093-44B4-9133-DA9F197CD052}.Debug|Any CPU.Build.0 = Debug|Any CPU
		{F1A4F2BD-B093-44B4-9133-DA9F197CD052}.Release|Any CPU.ActiveCfg = Release|Any CPU
		{F1A4F2BD-B093-44B4-9133-DA9F197CD052}.Release|Any CPU.Build.0 = Release|Any CPU
	EndGlobalSection
	GlobalSection(SolutionProperties) = preSolution
		HideSolutionNode = FALSE
	EndGlobalSection
	GlobalSection(ExtensibilityGlobals) = postSolution
		SolutionGuid = {8ED22421-F4EA-4FE3-BBF6-62DFCDD195CB}
	EndGlobalSection
EndGlobal
