
Microsoft Visual Studio Solution File, Format Version 12.00
# Visual Studio Version 17
VisualStudioVersion = 17.1.32228.430
MinimumVisualStudioVersion = 10.0.40219.1
Project("{FAE04EC0-301F-11D3-BF4B-00C04F79EFBC}") = "WindowTranslator", "WindowTranslator\WindowTranslator.csproj", "{29ACE192-BE00-40AC-82D4-CD527047A7C0}"
EndProject
Global
	GlobalSection(SolutionConfigurationPlatforms) = preSolution
		Debug|Any CPU = Debug|Any CPU
		Release|Any CPU = Release|Any CPU
	EndGlobalSection
	GlobalSection(ProjectConfigurationPlatforms) = postSolution
		{29ACE192-BE00-40AC-82D4-CD527047A7C0}.Debug|Any CPU.ActiveCfg = Debug|Any CPU
		{29ACE192-BE00-40AC-82D4-CD527047A7C0}.Debug|Any CPU.Build.0 = Debug|Any CPU
		{29ACE192-BE00-40AC-82D4-CD527047A7C0}.Release|Any CPU.ActiveCfg = Release|Any CPU
		{29ACE192-BE00-40AC-82D4-CD527047A7C0}.Release|Any CPU.Build.0 = Release|Any CPU
	EndGlobalSection
	GlobalSection(SolutionProperties) = preSolution
		HideSolutionNode = FALSE
	EndGlobalSection
	GlobalSection(ExtensibilityGlobals) = postSolution
		SolutionGuid = {8ED22421-F4EA-4FE3-BBF6-62DFCDD195CB}
	EndGlobalSection
EndGlobal
