
Microsoft Visual Studio Solution File, Format Version 12.00
# Visual Studio Version 18
VisualStudioVersion = 18.0.11205.157 d18.0
MinimumVisualStudioVersion = 10.0.40219.1
Project("{9A19103F-16F7-4668-BE54-9A1E7A4F7556}") = "WindowTranslator", "WindowTranslator\WindowTranslator.csproj", "{29ACE192-BE00-40AC-82D4-CD527047A7C0}"
EndProject
Project("{2150E333-8FDC-42A3-9474-1A3956D46DE8}") = "!Solution Items", "!Solution Items", "{90C4837E-3350-4820-8B62-F81E18B8D609}"
	ProjectSection(SolutionItems) = preProject
		.editorconfig = .editorconfig
		.mcp.json = .mcp.json
		.github\copilot-instructions.md = .github\copilot-instructions.md
		Directory.Build.props = Directory.Build.props
		Directory.Build.targets = Directory.Build.targets
		Directory.Packages.props = Directory.Packages.props
	EndProjectSection
EndProject
Project("{9A19103F-16F7-4668-BE54-9A1E7A4F7556}") = "Composition.WindowsRuntimeHelpers", "Composition.WindowsRuntimeHelpers\Composition.WindowsRuntimeHelpers.csproj", "{F1A4F2BD-B093-44B4-9133-DA9F197CD052}"
EndProject
Project("{9A19103F-16F7-4668-BE54-9A1E7A4F7556}") = "WindowTranslator.Abstractions", "WindowTranslator.Abstractions\WindowTranslator.Abstractions.csproj", "{7B87AEE1-DD4C-47DB-80CA-210D17A030B5}"
EndProject
Project("{9A19103F-16F7-4668-BE54-9A1E7A4F7556}") = "WindowTranslator.Plugin.DeepLTranslatePlugin", "Plugins\WindowTranslator.Plugin.DeepLTranslatePlugin\WindowTranslator.Plugin.DeepLTranslatePlugin.csproj", "{75C63D99-006D-47AB-A6E1-25005D2E337C}"
EndProject
Project("{2150E333-8FDC-42A3-9474-1A3956D46DE8}") = "Plugins", "Plugins", "{2123A8A4-05BB-4D10-AA07-E02207E55B14}"
	ProjectSection(SolutionItems) = preProject
		Plugins\copy_plugins.bat = Plugins\copy_plugins.bat
		Plugins\Directory.Build.props = Plugins\Directory.Build.props
		Plugins\Directory.Build.targets = Plugins\Directory.Build.targets
	EndProjectSection
EndProject
Project("{2150E333-8FDC-42A3-9474-1A3956D46DE8}") = "hwnd-adorner", "hwnd-adorner", "{E9254220-A2A9-4A23-814E-15029025A868}"
EndProject
Project("{9A19103F-16F7-4668-BE54-9A1E7A4F7556}") = "HwndExtensions", "hwnd-adorner\HwndExtensions\HwndExtensions.csproj", "{529FE5B9-FAC5-4222-8170-C8C0B911A588}"
EndProject
Project("{9A19103F-16F7-4668-BE54-9A1E7A4F7556}") = "Demo", "hwnd-adorner\Demo\Demo.csproj", "{85137B31-43B5-4DF6-B374-A14BAA1A874D}"
EndProject
Project("{9A19103F-16F7-4668-BE54-9A1E7A4F7556}") = "WindowTranslator.Plugin.DummyPlugin", "Plugins\WindowTranslator.Plugin.DummyPlugin\WindowTranslator.Plugin.DummyPlugin.csproj", "{61A30147-5600-41E9-AF5C-DA103D7E0B11}"
EndProject
Project("{9A19103F-16F7-4668-BE54-9A1E7A4F7556}") = "WindowTranslator.Wix", "WindowTranslator.Wix\WindowTranslator.Wix.csproj", "{5AF09B18-4D9A-4507-BAAB-73CE61436C25}"
EndProject
Project("{9A19103F-16F7-4668-BE54-9A1E7A4F7556}") = "WindowTranslator.Plugin.LLMPlugin", "Plugins\WindowTranslator.Plugin.LLMPlugin\WindowTranslator.Plugin.LLMPlugin.csproj", "{2A451935-EC1B-443E-9E54-EF3648F95D72}"
EndProject
Project("{9A19103F-16F7-4668-BE54-9A1E7A4F7556}") = "WindowTranslator.Plugin.GoogleAIPlugin", "Plugins\WindowTranslator.Plugin.GoogleAIPlugin\WindowTranslator.Plugin.GoogleAIPlugin.csproj", "{8B3CF7E6-9C49-4B74-A9F9-8F3733564669}"
EndProject
Project("{9A19103F-16F7-4668-BE54-9A1E7A4F7556}") = "WindowTranslator.Plugin.FoMPlugin", "Plugins\WindowTranslator.Plugin.FoMPlugin\WindowTranslator.Plugin.FoMPlugin.csproj", "{06ABA897-B8B1-4DF2-9D59-0D029D2F7CEB}"
EndProject
Project("{2150E333-8FDC-42A3-9474-1A3956D46DE8}") = "ColorThief", "ColorThief", "{0B1130E1-2666-4D0F-B69E-4C0A849C56E6}"
EndProject
Project("{9A19103F-16F7-4668-BE54-9A1E7A4F7556}") = "ColorThief", "ColorThief\ColorThief\ColorThief.csproj", "{7714CEC8-A44D-4BD3-A142-D7E3E85EF7BF}"
EndProject
Project("{9A19103F-16F7-4668-BE54-9A1E7A4F7556}") = "ColorThief.Bench", "ColorThief\ColorThief.Bench\ColorThief.Bench.csproj", "{EFC22BF1-27FA-42E1-B468-139A370EFBF0}"
EndProject
Project("{9A19103F-16F7-4668-BE54-9A1E7A4F7556}") = "ColorThief.Test", "ColorThief\ColorThief.Test\ColorThief.Test.csproj", "{A7E6289F-9FF6-43E9-904F-AEC929248BC2}"
EndProject
Project("{FAE04EC0-301F-11D3-BF4B-00C04F79EFBC}") = "Sandbox", "Sandbox\Sandbox.csproj", "{ACD99755-4A4E-4C62-A70D-7C1060C7F288}"
EndProject
Project("{FAE04EC0-301F-11D3-BF4B-00C04F79EFBC}") = "WindowTranslator.Plugin.GoogleAppsSctiptPlugin", "Plugins\WindowTranslator.Plugin.GoogleAppsSctiptPlugin\WindowTranslator.Plugin.GoogleAppsSctiptPlugin.csproj", "{9F81F7B3-1F9C-4D93-B16A-7BF84A8121CB}"
EndProject
Project("{FAE04EC0-301F-11D3-BF4B-00C04F79EFBC}") = "WindowTranslator.Plugin.TesseractOCRPlugin", "Plugins\WindowTranslator.Plugin.TesseractOCRPlugin\WindowTranslator.Plugin.TesseractOCRPlugin.csproj", "{CCED391A-8E80-4CE0-B9E4-3D2320AAE006}"
EndProject
Project("{FAE04EC0-301F-11D3-BF4B-00C04F79EFBC}") = "WindowTranslator.Plugin.OneOcrPlugin", "Plugins\WindowTranslator.Plugin.OneOcrPlugin\WindowTranslator.Plugin.OneOcrPlugin.csproj", "{D4A2E00A-7EBF-4C49-AA21-11D38041ABA8}"
EndProject
Project("{FAE04EC0-301F-11D3-BF4B-00C04F79EFBC}") = "WindowTranslator.Plugin.BergamotTranslatorPlugin", "Plugins\WindowTranslator.Plugin.BergamotTranslatorPlugin\WindowTranslator.Plugin.BergamotTranslatorPlugin.csproj", "{F07F7533-4447-4A74-BB99-4FB1FA108C3A}"
EndProject
Project("{FAE04EC0-301F-11D3-BF4B-00C04F79EFBC}") = "WindowTranslator.Plugin.ColorThiefPlugin", "Plugins\WindowTranslator.Plugin.ColorThiefPlugin\WindowTranslator.Plugin.ColorThiefPlugin.csproj", "{49F44365-A6F5-4378-B8A5-79B9A05872B9}"
EndProject
Project("{FAE04EC0-301F-11D3-BF4B-00C04F79EFBC}") = "WindowTranslator.Plugin.ColorThiefPlugin.Tests", "Plugins\WindowTranslator.Plugin.ColorThiefPlugin.Tests\WindowTranslator.Plugin.ColorThiefPlugin.Tests.csproj", "{04FE6097-262E-4B93-91A5-7F202EB7E0BE}"
EndProject
Project("{FAE04EC0-301F-11D3-BF4B-00C04F79EFBC}") = "WindowTranslator.Plugin.PLaMoPlugin", "Plugins\WindowTranslator.Plugin.PLaMoPlugin\WindowTranslator.Plugin.PLaMoPlugin.csproj", "{78228A45-3706-C4E0-6538-EE62A8D9F743}"
EndProject
Global
	GlobalSection(SolutionConfigurationPlatforms) = preSolution
		Debug|Any CPU = Debug|Any CPU
		Debug|x64 = Debug|x64
		Debug|x86 = Debug|x86
		Release|Any CPU = Release|Any CPU
		Release|x64 = Release|x64
		Release|x86 = Release|x86
	EndGlobalSection
	GlobalSection(ProjectConfigurationPlatforms) = postSolution
		{29ACE192-BE00-40AC-82D4-CD527047A7C0}.Debug|Any CPU.ActiveCfg = Debug|Any CPU
		{29ACE192-BE00-40AC-82D4-CD527047A7C0}.Debug|Any CPU.Build.0 = Debug|Any CPU
		{29ACE192-BE00-40AC-82D4-CD527047A7C0}.Debug|x64.ActiveCfg = Debug|Any CPU
		{29ACE192-BE00-40AC-82D4-CD527047A7C0}.Debug|x64.Build.0 = Debug|Any CPU
		{29ACE192-BE00-40AC-82D4-CD527047A7C0}.Debug|x86.ActiveCfg = Debug|Any CPU
		{29ACE192-BE00-40AC-82D4-CD527047A7C0}.Debug|x86.Build.0 = Debug|Any CPU
		{29ACE192-BE00-40AC-82D4-CD527047A7C0}.Release|Any CPU.ActiveCfg = Release|Any CPU
		{29ACE192-BE00-40AC-82D4-CD527047A7C0}.Release|Any CPU.Build.0 = Release|Any CPU
		{29ACE192-BE00-40AC-82D4-CD527047A7C0}.Release|x64.ActiveCfg = Release|Any CPU
		{29ACE192-BE00-40AC-82D4-CD527047A7C0}.Release|x64.Build.0 = Release|Any CPU
		{29ACE192-BE00-40AC-82D4-CD527047A7C0}.Release|x86.ActiveCfg = Release|Any CPU
		{29ACE192-BE00-40AC-82D4-CD527047A7C0}.Release|x86.Build.0 = Release|Any CPU
		{F1A4F2BD-B093-44B4-9133-DA9F197CD052}.Debug|Any CPU.ActiveCfg = Debug|Any CPU
		{F1A4F2BD-B093-44B4-9133-DA9F197CD052}.Debug|Any CPU.Build.0 = Debug|Any CPU
		{F1A4F2BD-B093-44B4-9133-DA9F197CD052}.Debug|x64.ActiveCfg = Debug|Any CPU
		{F1A4F2BD-B093-44B4-9133-DA9F197CD052}.Debug|x64.Build.0 = Debug|Any CPU
		{F1A4F2BD-B093-44B4-9133-DA9F197CD052}.Debug|x86.ActiveCfg = Debug|Any CPU
		{F1A4F2BD-B093-44B4-9133-DA9F197CD052}.Debug|x86.Build.0 = Debug|Any CPU
		{F1A4F2BD-B093-44B4-9133-DA9F197CD052}.Release|Any CPU.ActiveCfg = Release|Any CPU
		{F1A4F2BD-B093-44B4-9133-DA9F197CD052}.Release|Any CPU.Build.0 = Release|Any CPU
		{F1A4F2BD-B093-44B4-9133-DA9F197CD052}.Release|x64.ActiveCfg = Release|Any CPU
		{F1A4F2BD-B093-44B4-9133-DA9F197CD052}.Release|x64.Build.0 = Release|Any CPU
		{F1A4F2BD-B093-44B4-9133-DA9F197CD052}.Release|x86.ActiveCfg = Release|Any CPU
		{F1A4F2BD-B093-44B4-9133-DA9F197CD052}.Release|x86.Build.0 = Release|Any CPU
		{7B87AEE1-DD4C-47DB-80CA-210D17A030B5}.Debug|Any CPU.ActiveCfg = Debug|Any CPU
		{7B87AEE1-DD4C-47DB-80CA-210D17A030B5}.Debug|Any CPU.Build.0 = Debug|Any CPU
		{7B87AEE1-DD4C-47DB-80CA-210D17A030B5}.Debug|x64.ActiveCfg = Debug|Any CPU
		{7B87AEE1-DD4C-47DB-80CA-210D17A030B5}.Debug|x64.Build.0 = Debug|Any CPU
		{7B87AEE1-DD4C-47DB-80CA-210D17A030B5}.Debug|x86.ActiveCfg = Debug|Any CPU
		{7B87AEE1-DD4C-47DB-80CA-210D17A030B5}.Debug|x86.Build.0 = Debug|Any CPU
		{7B87AEE1-DD4C-47DB-80CA-210D17A030B5}.Release|Any CPU.ActiveCfg = Release|Any CPU
		{7B87AEE1-DD4C-47DB-80CA-210D17A030B5}.Release|Any CPU.Build.0 = Release|Any CPU
		{7B87AEE1-DD4C-47DB-80CA-210D17A030B5}.Release|x64.ActiveCfg = Release|Any CPU
		{7B87AEE1-DD4C-47DB-80CA-210D17A030B5}.Release|x64.Build.0 = Release|Any CPU
		{7B87AEE1-DD4C-47DB-80CA-210D17A030B5}.Release|x86.ActiveCfg = Release|Any CPU
		{7B87AEE1-DD4C-47DB-80CA-210D17A030B5}.Release|x86.Build.0 = Release|Any CPU
		{75C63D99-006D-47AB-A6E1-25005D2E337C}.Debug|Any CPU.ActiveCfg = Debug|Any CPU
		{75C63D99-006D-47AB-A6E1-25005D2E337C}.Debug|Any CPU.Build.0 = Debug|Any CPU
		{75C63D99-006D-47AB-A6E1-25005D2E337C}.Debug|x64.ActiveCfg = Debug|Any CPU
		{75C63D99-006D-47AB-A6E1-25005D2E337C}.Debug|x64.Build.0 = Debug|Any CPU
		{75C63D99-006D-47AB-A6E1-25005D2E337C}.Debug|x86.ActiveCfg = Debug|Any CPU
		{75C63D99-006D-47AB-A6E1-25005D2E337C}.Debug|x86.Build.0 = Debug|Any CPU
		{75C63D99-006D-47AB-A6E1-25005D2E337C}.Release|Any CPU.ActiveCfg = Release|Any CPU
		{75C63D99-006D-47AB-A6E1-25005D2E337C}.Release|Any CPU.Build.0 = Release|Any CPU
		{75C63D99-006D-47AB-A6E1-25005D2E337C}.Release|x64.ActiveCfg = Release|Any CPU
		{75C63D99-006D-47AB-A6E1-25005D2E337C}.Release|x64.Build.0 = Release|Any CPU
		{75C63D99-006D-47AB-A6E1-25005D2E337C}.Release|x86.ActiveCfg = Release|Any CPU
		{75C63D99-006D-47AB-A6E1-25005D2E337C}.Release|x86.Build.0 = Release|Any CPU
		{529FE5B9-FAC5-4222-8170-C8C0B911A588}.Debug|Any CPU.ActiveCfg = Debug|Any CPU
		{529FE5B9-FAC5-4222-8170-C8C0B911A588}.Debug|Any CPU.Build.0 = Debug|Any CPU
		{529FE5B9-FAC5-4222-8170-C8C0B911A588}.Debug|x64.ActiveCfg = Debug|Any CPU
		{529FE5B9-FAC5-4222-8170-C8C0B911A588}.Debug|x64.Build.0 = Debug|Any CPU
		{529FE5B9-FAC5-4222-8170-C8C0B911A588}.Debug|x86.ActiveCfg = Debug|Any CPU
		{529FE5B9-FAC5-4222-8170-C8C0B911A588}.Debug|x86.Build.0 = Debug|Any CPU
		{529FE5B9-FAC5-4222-8170-C8C0B911A588}.Release|Any CPU.ActiveCfg = Release|Any CPU
		{529FE5B9-FAC5-4222-8170-C8C0B911A588}.Release|Any CPU.Build.0 = Release|Any CPU
		{529FE5B9-FAC5-4222-8170-C8C0B911A588}.Release|x64.ActiveCfg = Release|Any CPU
		{529FE5B9-FAC5-4222-8170-C8C0B911A588}.Release|x64.Build.0 = Release|Any CPU
		{529FE5B9-FAC5-4222-8170-C8C0B911A588}.Release|x86.ActiveCfg = Release|Any CPU
		{529FE5B9-FAC5-4222-8170-C8C0B911A588}.Release|x86.Build.0 = Release|Any CPU
		{85137B31-43B5-4DF6-B374-A14BAA1A874D}.Debug|Any CPU.ActiveCfg = Debug|Any CPU
		{85137B31-43B5-4DF6-B374-A14BAA1A874D}.Debug|Any CPU.Build.0 = Debug|Any CPU
		{85137B31-43B5-4DF6-B374-A14BAA1A874D}.Debug|x64.ActiveCfg = Debug|Any CPU
		{85137B31-43B5-4DF6-B374-A14BAA1A874D}.Debug|x64.Build.0 = Debug|Any CPU
		{85137B31-43B5-4DF6-B374-A14BAA1A874D}.Debug|x86.ActiveCfg = Debug|Any CPU
		{85137B31-43B5-4DF6-B374-A14BAA1A874D}.Debug|x86.Build.0 = Debug|Any CPU
		{85137B31-43B5-4DF6-B374-A14BAA1A874D}.Release|Any CPU.ActiveCfg = Release|Any CPU
		{85137B31-43B5-4DF6-B374-A14BAA1A874D}.Release|Any CPU.Build.0 = Release|Any CPU
		{85137B31-43B5-4DF6-B374-A14BAA1A874D}.Release|x64.ActiveCfg = Release|Any CPU
		{85137B31-43B5-4DF6-B374-A14BAA1A874D}.Release|x64.Build.0 = Release|Any CPU
		{85137B31-43B5-4DF6-B374-A14BAA1A874D}.Release|x86.ActiveCfg = Release|Any CPU
		{85137B31-43B5-4DF6-B374-A14BAA1A874D}.Release|x86.Build.0 = Release|Any CPU
		{61A30147-5600-41E9-AF5C-DA103D7E0B11}.Debug|Any CPU.ActiveCfg = Debug|Any CPU
		{61A30147-5600-41E9-AF5C-DA103D7E0B11}.Debug|Any CPU.Build.0 = Debug|Any CPU
		{61A30147-5600-41E9-AF5C-DA103D7E0B11}.Debug|x64.ActiveCfg = Debug|Any CPU
		{61A30147-5600-41E9-AF5C-DA103D7E0B11}.Debug|x64.Build.0 = Debug|Any CPU
		{61A30147-5600-41E9-AF5C-DA103D7E0B11}.Debug|x86.ActiveCfg = Debug|Any CPU
		{61A30147-5600-41E9-AF5C-DA103D7E0B11}.Debug|x86.Build.0 = Debug|Any CPU
		{61A30147-5600-41E9-AF5C-DA103D7E0B11}.Release|Any CPU.ActiveCfg = Release|Any CPU
		{61A30147-5600-41E9-AF5C-DA103D7E0B11}.Release|Any CPU.Build.0 = Release|Any CPU
		{61A30147-5600-41E9-AF5C-DA103D7E0B11}.Release|x64.ActiveCfg = Release|Any CPU
		{61A30147-5600-41E9-AF5C-DA103D7E0B11}.Release|x64.Build.0 = Release|Any CPU
		{61A30147-5600-41E9-AF5C-DA103D7E0B11}.Release|x86.ActiveCfg = Release|Any CPU
		{61A30147-5600-41E9-AF5C-DA103D7E0B11}.Release|x86.Build.0 = Release|Any CPU
		{5AF09B18-4D9A-4507-BAAB-73CE61436C25}.Debug|Any CPU.ActiveCfg = Debug|Any CPU
		{5AF09B18-4D9A-4507-BAAB-73CE61436C25}.Debug|Any CPU.Build.0 = Debug|Any CPU
		{5AF09B18-4D9A-4507-BAAB-73CE61436C25}.Debug|x64.ActiveCfg = Debug|Any CPU
		{5AF09B18-4D9A-4507-BAAB-73CE61436C25}.Debug|x64.Build.0 = Debug|Any CPU
		{5AF09B18-4D9A-4507-BAAB-73CE61436C25}.Debug|x86.ActiveCfg = Debug|Any CPU
		{5AF09B18-4D9A-4507-BAAB-73CE61436C25}.Debug|x86.Build.0 = Debug|Any CPU
		{5AF09B18-4D9A-4507-BAAB-73CE61436C25}.Release|Any CPU.ActiveCfg = Release|Any CPU
		{5AF09B18-4D9A-4507-BAAB-73CE61436C25}.Release|Any CPU.Build.0 = Release|Any CPU
		{5AF09B18-4D9A-4507-BAAB-73CE61436C25}.Release|x64.ActiveCfg = Release|Any CPU
		{5AF09B18-4D9A-4507-BAAB-73CE61436C25}.Release|x64.Build.0 = Release|Any CPU
		{5AF09B18-4D9A-4507-BAAB-73CE61436C25}.Release|x86.ActiveCfg = Release|Any CPU
		{5AF09B18-4D9A-4507-BAAB-73CE61436C25}.Release|x86.Build.0 = Release|Any CPU
		{2A451935-EC1B-443E-9E54-EF3648F95D72}.Debug|Any CPU.ActiveCfg = Debug|Any CPU
		{2A451935-EC1B-443E-9E54-EF3648F95D72}.Debug|Any CPU.Build.0 = Debug|Any CPU
		{2A451935-EC1B-443E-9E54-EF3648F95D72}.Debug|x64.ActiveCfg = Debug|Any CPU
		{2A451935-EC1B-443E-9E54-EF3648F95D72}.Debug|x64.Build.0 = Debug|Any CPU
		{2A451935-EC1B-443E-9E54-EF3648F95D72}.Debug|x86.ActiveCfg = Debug|Any CPU
		{2A451935-EC1B-443E-9E54-EF3648F95D72}.Debug|x86.Build.0 = Debug|Any CPU
		{2A451935-EC1B-443E-9E54-EF3648F95D72}.Release|Any CPU.ActiveCfg = Release|Any CPU
		{2A451935-EC1B-443E-9E54-EF3648F95D72}.Release|Any CPU.Build.0 = Release|Any CPU
		{2A451935-EC1B-443E-9E54-EF3648F95D72}.Release|x64.ActiveCfg = Release|Any CPU
		{2A451935-EC1B-443E-9E54-EF3648F95D72}.Release|x64.Build.0 = Release|Any CPU
		{2A451935-EC1B-443E-9E54-EF3648F95D72}.Release|x86.ActiveCfg = Release|Any CPU
		{2A451935-EC1B-443E-9E54-EF3648F95D72}.Release|x86.Build.0 = Release|Any CPU
		{8B3CF7E6-9C49-4B74-A9F9-8F3733564669}.Debug|Any CPU.ActiveCfg = Debug|Any CPU
		{8B3CF7E6-9C49-4B74-A9F9-8F3733564669}.Debug|Any CPU.Build.0 = Debug|Any CPU
		{8B3CF7E6-9C49-4B74-A9F9-8F3733564669}.Debug|x64.ActiveCfg = Debug|Any CPU
		{8B3CF7E6-9C49-4B74-A9F9-8F3733564669}.Debug|x64.Build.0 = Debug|Any CPU
		{8B3CF7E6-9C49-4B74-A9F9-8F3733564669}.Debug|x86.ActiveCfg = Debug|Any CPU
		{8B3CF7E6-9C49-4B74-A9F9-8F3733564669}.Debug|x86.Build.0 = Debug|Any CPU
		{8B3CF7E6-9C49-4B74-A9F9-8F3733564669}.Release|Any CPU.ActiveCfg = Release|Any CPU
		{8B3CF7E6-9C49-4B74-A9F9-8F3733564669}.Release|Any CPU.Build.0 = Release|Any CPU
		{8B3CF7E6-9C49-4B74-A9F9-8F3733564669}.Release|x64.ActiveCfg = Release|Any CPU
		{8B3CF7E6-9C49-4B74-A9F9-8F3733564669}.Release|x64.Build.0 = Release|Any CPU
		{8B3CF7E6-9C49-4B74-A9F9-8F3733564669}.Release|x86.ActiveCfg = Release|Any CPU
		{8B3CF7E6-9C49-4B74-A9F9-8F3733564669}.Release|x86.Build.0 = Release|Any CPU
		{06ABA897-B8B1-4DF2-9D59-0D029D2F7CEB}.Debug|Any CPU.ActiveCfg = Debug|Any CPU
		{06ABA897-B8B1-4DF2-9D59-0D029D2F7CEB}.Debug|Any CPU.Build.0 = Debug|Any CPU
		{06ABA897-B8B1-4DF2-9D59-0D029D2F7CEB}.Debug|x64.ActiveCfg = Debug|Any CPU
		{06ABA897-B8B1-4DF2-9D59-0D029D2F7CEB}.Debug|x64.Build.0 = Debug|Any CPU
		{06ABA897-B8B1-4DF2-9D59-0D029D2F7CEB}.Debug|x86.ActiveCfg = Debug|Any CPU
		{06ABA897-B8B1-4DF2-9D59-0D029D2F7CEB}.Debug|x86.Build.0 = Debug|Any CPU
		{06ABA897-B8B1-4DF2-9D59-0D029D2F7CEB}.Release|Any CPU.ActiveCfg = Release|Any CPU
		{06ABA897-B8B1-4DF2-9D59-0D029D2F7CEB}.Release|Any CPU.Build.0 = Release|Any CPU
		{06ABA897-B8B1-4DF2-9D59-0D029D2F7CEB}.Release|x64.ActiveCfg = Release|Any CPU
		{06ABA897-B8B1-4DF2-9D59-0D029D2F7CEB}.Release|x64.Build.0 = Release|Any CPU
		{06ABA897-B8B1-4DF2-9D59-0D029D2F7CEB}.Release|x86.ActiveCfg = Release|Any CPU
		{06ABA897-B8B1-4DF2-9D59-0D029D2F7CEB}.Release|x86.Build.0 = Release|Any CPU
		{7714CEC8-A44D-4BD3-A142-D7E3E85EF7BF}.Debug|Any CPU.ActiveCfg = Debug|Any CPU
		{7714CEC8-A44D-4BD3-A142-D7E3E85EF7BF}.Debug|Any CPU.Build.0 = Debug|Any CPU
		{7714CEC8-A44D-4BD3-A142-D7E3E85EF7BF}.Debug|x64.ActiveCfg = Debug|Any CPU
		{7714CEC8-A44D-4BD3-A142-D7E3E85EF7BF}.Debug|x64.Build.0 = Debug|Any CPU
		{7714CEC8-A44D-4BD3-A142-D7E3E85EF7BF}.Debug|x86.ActiveCfg = Debug|Any CPU
		{7714CEC8-A44D-4BD3-A142-D7E3E85EF7BF}.Debug|x86.Build.0 = Debug|Any CPU
		{7714CEC8-A44D-4BD3-A142-D7E3E85EF7BF}.Release|Any CPU.ActiveCfg = Release|Any CPU
		{7714CEC8-A44D-4BD3-A142-D7E3E85EF7BF}.Release|Any CPU.Build.0 = Release|Any CPU
		{7714CEC8-A44D-4BD3-A142-D7E3E85EF7BF}.Release|x64.ActiveCfg = Release|Any CPU
		{7714CEC8-A44D-4BD3-A142-D7E3E85EF7BF}.Release|x64.Build.0 = Release|Any CPU
		{7714CEC8-A44D-4BD3-A142-D7E3E85EF7BF}.Release|x86.ActiveCfg = Release|Any CPU
		{7714CEC8-A44D-4BD3-A142-D7E3E85EF7BF}.Release|x86.Build.0 = Release|Any CPU
		{EFC22BF1-27FA-42E1-B468-139A370EFBF0}.Debug|Any CPU.ActiveCfg = Debug|Any CPU
		{EFC22BF1-27FA-42E1-B468-139A370EFBF0}.Debug|Any CPU.Build.0 = Debug|Any CPU
		{EFC22BF1-27FA-42E1-B468-139A370EFBF0}.Debug|x64.ActiveCfg = Debug|Any CPU
		{EFC22BF1-27FA-42E1-B468-139A370EFBF0}.Debug|x64.Build.0 = Debug|Any CPU
		{EFC22BF1-27FA-42E1-B468-139A370EFBF0}.Debug|x86.ActiveCfg = Debug|Any CPU
		{EFC22BF1-27FA-42E1-B468-139A370EFBF0}.Debug|x86.Build.0 = Debug|Any CPU
		{EFC22BF1-27FA-42E1-B468-139A370EFBF0}.Release|Any CPU.ActiveCfg = Release|Any CPU
		{EFC22BF1-27FA-42E1-B468-139A370EFBF0}.Release|Any CPU.Build.0 = Release|Any CPU
		{EFC22BF1-27FA-42E1-B468-139A370EFBF0}.Release|x64.ActiveCfg = Release|Any CPU
		{EFC22BF1-27FA-42E1-B468-139A370EFBF0}.Release|x64.Build.0 = Release|Any CPU
		{EFC22BF1-27FA-42E1-B468-139A370EFBF0}.Release|x86.ActiveCfg = Release|Any CPU
		{EFC22BF1-27FA-42E1-B468-139A370EFBF0}.Release|x86.Build.0 = Release|Any CPU
		{A7E6289F-9FF6-43E9-904F-AEC929248BC2}.Debug|Any CPU.ActiveCfg = Debug|Any CPU
		{A7E6289F-9FF6-43E9-904F-AEC929248BC2}.Debug|Any CPU.Build.0 = Debug|Any CPU
		{A7E6289F-9FF6-43E9-904F-AEC929248BC2}.Debug|x64.ActiveCfg = Debug|Any CPU
		{A7E6289F-9FF6-43E9-904F-AEC929248BC2}.Debug|x64.Build.0 = Debug|Any CPU
		{A7E6289F-9FF6-43E9-904F-AEC929248BC2}.Debug|x86.ActiveCfg = Debug|Any CPU
		{A7E6289F-9FF6-43E9-904F-AEC929248BC2}.Debug|x86.Build.0 = Debug|Any CPU
		{A7E6289F-9FF6-43E9-904F-AEC929248BC2}.Release|Any CPU.ActiveCfg = Release|Any CPU
		{A7E6289F-9FF6-43E9-904F-AEC929248BC2}.Release|Any CPU.Build.0 = Release|Any CPU
		{A7E6289F-9FF6-43E9-904F-AEC929248BC2}.Release|x64.ActiveCfg = Release|Any CPU
		{A7E6289F-9FF6-43E9-904F-AEC929248BC2}.Release|x64.Build.0 = Release|Any CPU
		{A7E6289F-9FF6-43E9-904F-AEC929248BC2}.Release|x86.ActiveCfg = Release|Any CPU
		{A7E6289F-9FF6-43E9-904F-AEC929248BC2}.Release|x86.Build.0 = Release|Any CPU
		{ACD99755-4A4E-4C62-A70D-7C1060C7F288}.Debug|Any CPU.ActiveCfg = Debug|Any CPU
		{ACD99755-4A4E-4C62-A70D-7C1060C7F288}.Debug|Any CPU.Build.0 = Debug|Any CPU
		{ACD99755-4A4E-4C62-A70D-7C1060C7F288}.Debug|x64.ActiveCfg = Debug|Any CPU
		{ACD99755-4A4E-4C62-A70D-7C1060C7F288}.Debug|x64.Build.0 = Debug|Any CPU
		{ACD99755-4A4E-4C62-A70D-7C1060C7F288}.Debug|x86.ActiveCfg = Debug|Any CPU
		{ACD99755-4A4E-4C62-A70D-7C1060C7F288}.Debug|x86.Build.0 = Debug|Any CPU
		{ACD99755-4A4E-4C62-A70D-7C1060C7F288}.Release|Any CPU.ActiveCfg = Release|Any CPU
		{ACD99755-4A4E-4C62-A70D-7C1060C7F288}.Release|Any CPU.Build.0 = Release|Any CPU
		{ACD99755-4A4E-4C62-A70D-7C1060C7F288}.Release|x64.ActiveCfg = Release|Any CPU
		{ACD99755-4A4E-4C62-A70D-7C1060C7F288}.Release|x64.Build.0 = Release|Any CPU
		{ACD99755-4A4E-4C62-A70D-7C1060C7F288}.Release|x86.ActiveCfg = Release|Any CPU
		{ACD99755-4A4E-4C62-A70D-7C1060C7F288}.Release|x86.Build.0 = Release|Any CPU
		{9F81F7B3-1F9C-4D93-B16A-7BF84A8121CB}.Debug|Any CPU.ActiveCfg = Debug|Any CPU
		{9F81F7B3-1F9C-4D93-B16A-7BF84A8121CB}.Debug|Any CPU.Build.0 = Debug|Any CPU
		{9F81F7B3-1F9C-4D93-B16A-7BF84A8121CB}.Debug|x64.ActiveCfg = Debug|Any CPU
		{9F81F7B3-1F9C-4D93-B16A-7BF84A8121CB}.Debug|x64.Build.0 = Debug|Any CPU
		{9F81F7B3-1F9C-4D93-B16A-7BF84A8121CB}.Debug|x86.ActiveCfg = Debug|Any CPU
		{9F81F7B3-1F9C-4D93-B16A-7BF84A8121CB}.Debug|x86.Build.0 = Debug|Any CPU
		{9F81F7B3-1F9C-4D93-B16A-7BF84A8121CB}.Release|Any CPU.ActiveCfg = Release|Any CPU
		{9F81F7B3-1F9C-4D93-B16A-7BF84A8121CB}.Release|Any CPU.Build.0 = Release|Any CPU
		{9F81F7B3-1F9C-4D93-B16A-7BF84A8121CB}.Release|x64.ActiveCfg = Release|Any CPU
		{9F81F7B3-1F9C-4D93-B16A-7BF84A8121CB}.Release|x64.Build.0 = Release|Any CPU
		{9F81F7B3-1F9C-4D93-B16A-7BF84A8121CB}.Release|x86.ActiveCfg = Release|Any CPU
		{9F81F7B3-1F9C-4D93-B16A-7BF84A8121CB}.Release|x86.Build.0 = Release|Any CPU
		{CCED391A-8E80-4CE0-B9E4-3D2320AAE006}.Debug|Any CPU.ActiveCfg = Debug|Any CPU
		{CCED391A-8E80-4CE0-B9E4-3D2320AAE006}.Debug|Any CPU.Build.0 = Debug|Any CPU
		{CCED391A-8E80-4CE0-B9E4-3D2320AAE006}.Debug|x64.ActiveCfg = Debug|Any CPU
		{CCED391A-8E80-4CE0-B9E4-3D2320AAE006}.Debug|x64.Build.0 = Debug|Any CPU
		{CCED391A-8E80-4CE0-B9E4-3D2320AAE006}.Debug|x86.ActiveCfg = Debug|Any CPU
		{CCED391A-8E80-4CE0-B9E4-3D2320AAE006}.Debug|x86.Build.0 = Debug|Any CPU
		{CCED391A-8E80-4CE0-B9E4-3D2320AAE006}.Release|Any CPU.ActiveCfg = Release|Any CPU
		{CCED391A-8E80-4CE0-B9E4-3D2320AAE006}.Release|Any CPU.Build.0 = Release|Any CPU
		{CCED391A-8E80-4CE0-B9E4-3D2320AAE006}.Release|x64.ActiveCfg = Release|Any CPU
		{CCED391A-8E80-4CE0-B9E4-3D2320AAE006}.Release|x64.Build.0 = Release|Any CPU
		{CCED391A-8E80-4CE0-B9E4-3D2320AAE006}.Release|x86.ActiveCfg = Release|Any CPU
		{CCED391A-8E80-4CE0-B9E4-3D2320AAE006}.Release|x86.Build.0 = Release|Any CPU
		{D4A2E00A-7EBF-4C49-AA21-11D38041ABA8}.Debug|Any CPU.ActiveCfg = Debug|Any CPU
		{D4A2E00A-7EBF-4C49-AA21-11D38041ABA8}.Debug|Any CPU.Build.0 = Debug|Any CPU
		{D4A2E00A-7EBF-4C49-AA21-11D38041ABA8}.Debug|x64.ActiveCfg = Debug|Any CPU
		{D4A2E00A-7EBF-4C49-AA21-11D38041ABA8}.Debug|x64.Build.0 = Debug|Any CPU
		{D4A2E00A-7EBF-4C49-AA21-11D38041ABA8}.Debug|x86.ActiveCfg = Debug|Any CPU
		{D4A2E00A-7EBF-4C49-AA21-11D38041ABA8}.Debug|x86.Build.0 = Debug|Any CPU
		{D4A2E00A-7EBF-4C49-AA21-11D38041ABA8}.Release|Any CPU.ActiveCfg = Release|Any CPU
		{D4A2E00A-7EBF-4C49-AA21-11D38041ABA8}.Release|Any CPU.Build.0 = Release|Any CPU
		{D4A2E00A-7EBF-4C49-AA21-11D38041ABA8}.Release|x64.ActiveCfg = Release|Any CPU
		{D4A2E00A-7EBF-4C49-AA21-11D38041ABA8}.Release|x64.Build.0 = Release|Any CPU
		{D4A2E00A-7EBF-4C49-AA21-11D38041ABA8}.Release|x86.ActiveCfg = Release|Any CPU
		{D4A2E00A-7EBF-4C49-AA21-11D38041ABA8}.Release|x86.Build.0 = Release|Any CPU
		{F07F7533-4447-4A74-BB99-4FB1FA108C3A}.Debug|Any CPU.ActiveCfg = Debug|Any CPU
		{F07F7533-4447-4A74-BB99-4FB1FA108C3A}.Debug|Any CPU.Build.0 = Debug|Any CPU
		{F07F7533-4447-4A74-BB99-4FB1FA108C3A}.Debug|x64.ActiveCfg = Debug|Any CPU
		{F07F7533-4447-4A74-BB99-4FB1FA108C3A}.Debug|x64.Build.0 = Debug|Any CPU
		{F07F7533-4447-4A74-BB99-4FB1FA108C3A}.Debug|x86.ActiveCfg = Debug|Any CPU
		{F07F7533-4447-4A74-BB99-4FB1FA108C3A}.Debug|x86.Build.0 = Debug|Any CPU
		{F07F7533-4447-4A74-BB99-4FB1FA108C3A}.Release|Any CPU.ActiveCfg = Release|Any CPU
		{F07F7533-4447-4A74-BB99-4FB1FA108C3A}.Release|Any CPU.Build.0 = Release|Any CPU
		{F07F7533-4447-4A74-BB99-4FB1FA108C3A}.Release|x64.ActiveCfg = Release|Any CPU
		{F07F7533-4447-4A74-BB99-4FB1FA108C3A}.Release|x64.Build.0 = Release|Any CPU
		{F07F7533-4447-4A74-BB99-4FB1FA108C3A}.Release|x86.ActiveCfg = Release|Any CPU
		{F07F7533-4447-4A74-BB99-4FB1FA108C3A}.Release|x86.Build.0 = Release|Any CPU
		{49F44365-A6F5-4378-B8A5-79B9A05872B9}.Debug|Any CPU.ActiveCfg = Debug|Any CPU
		{49F44365-A6F5-4378-B8A5-79B9A05872B9}.Debug|Any CPU.Build.0 = Debug|Any CPU
		{49F44365-A6F5-4378-B8A5-79B9A05872B9}.Debug|x64.ActiveCfg = Debug|Any CPU
		{49F44365-A6F5-4378-B8A5-79B9A05872B9}.Debug|x64.Build.0 = Debug|Any CPU
		{49F44365-A6F5-4378-B8A5-79B9A05872B9}.Debug|x86.ActiveCfg = Debug|Any CPU
		{49F44365-A6F5-4378-B8A5-79B9A05872B9}.Debug|x86.Build.0 = Debug|Any CPU
		{49F44365-A6F5-4378-B8A5-79B9A05872B9}.Release|Any CPU.ActiveCfg = Release|Any CPU
		{49F44365-A6F5-4378-B8A5-79B9A05872B9}.Release|Any CPU.Build.0 = Release|Any CPU
		{49F44365-A6F5-4378-B8A5-79B9A05872B9}.Release|x64.ActiveCfg = Release|Any CPU
		{49F44365-A6F5-4378-B8A5-79B9A05872B9}.Release|x64.Build.0 = Release|Any CPU
		{49F44365-A6F5-4378-B8A5-79B9A05872B9}.Release|x86.ActiveCfg = Release|Any CPU
		{49F44365-A6F5-4378-B8A5-79B9A05872B9}.Release|x86.Build.0 = Release|Any CPU
		{04FE6097-262E-4B93-91A5-7F202EB7E0BE}.Debug|Any CPU.ActiveCfg = Debug|Any CPU
		{04FE6097-262E-4B93-91A5-7F202EB7E0BE}.Debug|Any CPU.Build.0 = Debug|Any CPU
		{04FE6097-262E-4B93-91A5-7F202EB7E0BE}.Debug|x64.ActiveCfg = Debug|Any CPU
		{04FE6097-262E-4B93-91A5-7F202EB7E0BE}.Debug|x64.Build.0 = Debug|Any CPU
		{04FE6097-262E-4B93-91A5-7F202EB7E0BE}.Debug|x86.ActiveCfg = Debug|Any CPU
		{04FE6097-262E-4B93-91A5-7F202EB7E0BE}.Debug|x86.Build.0 = Debug|Any CPU
		{04FE6097-262E-4B93-91A5-7F202EB7E0BE}.Release|Any CPU.ActiveCfg = Release|Any CPU
		{04FE6097-262E-4B93-91A5-7F202EB7E0BE}.Release|Any CPU.Build.0 = Release|Any CPU
		{04FE6097-262E-4B93-91A5-7F202EB7E0BE}.Release|x64.ActiveCfg = Release|Any CPU
		{04FE6097-262E-4B93-91A5-7F202EB7E0BE}.Release|x64.Build.0 = Release|Any CPU
		{04FE6097-262E-4B93-91A5-7F202EB7E0BE}.Release|x86.ActiveCfg = Release|Any CPU
		{04FE6097-262E-4B93-91A5-7F202EB7E0BE}.Release|x86.Build.0 = Release|Any CPU
		{78228A45-3706-C4E0-6538-EE62A8D9F743}.Debug|Any CPU.ActiveCfg = Debug|Any CPU
		{78228A45-3706-C4E0-6538-EE62A8D9F743}.Debug|Any CPU.Build.0 = Debug|Any CPU
		{78228A45-3706-C4E0-6538-EE62A8D9F743}.Debug|x64.ActiveCfg = Debug|Any CPU
		{78228A45-3706-C4E0-6538-EE62A8D9F743}.Debug|x64.Build.0 = Debug|Any CPU
		{78228A45-3706-C4E0-6538-EE62A8D9F743}.Debug|x86.ActiveCfg = Debug|Any CPU
		{78228A45-3706-C4E0-6538-EE62A8D9F743}.Debug|x86.Build.0 = Debug|Any CPU
		{78228A45-3706-C4E0-6538-EE62A8D9F743}.Release|Any CPU.ActiveCfg = Release|Any CPU
		{78228A45-3706-C4E0-6538-EE62A8D9F743}.Release|Any CPU.Build.0 = Release|Any CPU
		{78228A45-3706-C4E0-6538-EE62A8D9F743}.Release|x64.ActiveCfg = Release|Any CPU
		{78228A45-3706-C4E0-6538-EE62A8D9F743}.Release|x64.Build.0 = Release|Any CPU
		{78228A45-3706-C4E0-6538-EE62A8D9F743}.Release|x86.ActiveCfg = Release|Any CPU
		{78228A45-3706-C4E0-6538-EE62A8D9F743}.Release|x86.Build.0 = Release|Any CPU
	EndGlobalSection
	GlobalSection(SolutionProperties) = preSolution
		HideSolutionNode = FALSE
	EndGlobalSection
	GlobalSection(NestedProjects) = preSolution
		{75C63D99-006D-47AB-A6E1-25005D2E337C} = {2123A8A4-05BB-4D10-AA07-E02207E55B14}
		{529FE5B9-FAC5-4222-8170-C8C0B911A588} = {E9254220-A2A9-4A23-814E-15029025A868}
		{85137B31-43B5-4DF6-B374-A14BAA1A874D} = {E9254220-A2A9-4A23-814E-15029025A868}
		{61A30147-5600-41E9-AF5C-DA103D7E0B11} = {2123A8A4-05BB-4D10-AA07-E02207E55B14}
		{2A451935-EC1B-443E-9E54-EF3648F95D72} = {2123A8A4-05BB-4D10-AA07-E02207E55B14}
		{8B3CF7E6-9C49-4B74-A9F9-8F3733564669} = {2123A8A4-05BB-4D10-AA07-E02207E55B14}
		{06ABA897-B8B1-4DF2-9D59-0D029D2F7CEB} = {2123A8A4-05BB-4D10-AA07-E02207E55B14}
		{7714CEC8-A44D-4BD3-A142-D7E3E85EF7BF} = {0B1130E1-2666-4D0F-B69E-4C0A849C56E6}
		{EFC22BF1-27FA-42E1-B468-139A370EFBF0} = {0B1130E1-2666-4D0F-B69E-4C0A849C56E6}
		{A7E6289F-9FF6-43E9-904F-AEC929248BC2} = {0B1130E1-2666-4D0F-B69E-4C0A849C56E6}
		{9F81F7B3-1F9C-4D93-B16A-7BF84A8121CB} = {2123A8A4-05BB-4D10-AA07-E02207E55B14}
		{CCED391A-8E80-4CE0-B9E4-3D2320AAE006} = {2123A8A4-05BB-4D10-AA07-E02207E55B14}
		{D4A2E00A-7EBF-4C49-AA21-11D38041ABA8} = {2123A8A4-05BB-4D10-AA07-E02207E55B14}
		{F07F7533-4447-4A74-BB99-4FB1FA108C3A} = {2123A8A4-05BB-4D10-AA07-E02207E55B14}
		{49F44365-A6F5-4378-B8A5-79B9A05872B9} = {2123A8A4-05BB-4D10-AA07-E02207E55B14}
		{04FE6097-262E-4B93-91A5-7F202EB7E0BE} = {2123A8A4-05BB-4D10-AA07-E02207E55B14}
		{78228A45-3706-C4E0-6538-EE62A8D9F743} = {2123A8A4-05BB-4D10-AA07-E02207E55B14}
	EndGlobalSection
	GlobalSection(ExtensibilityGlobals) = postSolution
		RESX_ConfirmAddLanguageFile = True
		RESX_AutoCreateNewLanguageFiles = True
		SolutionGuid = {8ED22421-F4EA-4FE3-BBF6-62DFCDD195CB}
	EndGlobalSection
EndGlobal
