{
  "name": "service",
  "version": "1.0.0",
  "lockfileVersion": 3,
  "requires": true,
  "packages": {
    "": {
      "name": "service",
      "version": "1.0.0",
      "license": "ISC",
      "dependencies": {
        "@types/google-apps-script": "^1.0.92"
      }
    },
    "node_modules/@types/google-apps-script": {
      "version": "1.0.92",
      "resolved": "https://registry.npmjs.org/@types/google-apps-script/-/google-apps-script-1.0.92.tgz",
      "integrity": "sha512-QWkcGH0Ll0NjPXfnMuMT1rH3ics/6s9DKZiAB8pQIZNfSrRaJIqoChOuR7Sr+n5oe5XF1NPJ4RVPE3Bvfh9heQ==",
      "license": "MIT"
    }
  }
}
