
Microsoft Visual Studio Solution File, Format Version 12.00
# Visual Studio 2012
Project("{FAE04EC0-301F-11D3-BF4B-00C04F79EFBC}") = "HwndExtensions", "HwndExtensions\HwndExtensions.csproj", "{529FE5B9-FAC5-4222-8170-C8C0B911A588}"
EndProject
Project("{FAE04EC0-301F-11D3-BF4B-00C04F79EFBC}") = "Demo", "Demo\Demo.csproj", "{85137B31-43B5-4DF6-B374-A14BAA1A874D}"
EndProject
Global
	GlobalSection(SolutionConfigurationPlatforms) = preSolution
		Debug|ARM64 = Debug|ARM64
		Debug|x64 = Debug|x64
		Release|ARM64 = Release|ARM64
		Release|x64 = Release|x64
	EndGlobalSection
	GlobalSection(ProjectConfigurationPlatforms) = postSolution
		{529FE5B9-FAC5-4222-8170-C8C0B911A588}.Debug|ARM64.ActiveCfg = Debug|ARM64
		{529FE5B9-FAC5-4222-8170-C8C0B911A588}.Debug|ARM64.Build.0 = Debug|ARM64
		{529FE5B9-FAC5-4222-8170-C8C0B911A588}.Debug|x64.ActiveCfg = Debug|x64
		{529FE5B9-FAC5-4222-8170-C8C0B911A588}.Debug|x64.Build.0 = Debug|x64
		{529FE5B9-FAC5-4222-8170-C8C0B911A588}.Release|ARM64.ActiveCfg = Release|ARM64
		{529FE5B9-FAC5-4222-8170-C8C0B911A588}.Release|ARM64.Build.0 = Release|ARM64
		{529FE5B9-FAC5-4222-8170-C8C0B911A588}.Release|x64.ActiveCfg = Release|x64
		{529FE5B9-FAC5-4222-8170-C8C0B911A588}.Release|x64.Build.0 = Release|x64
		{85137B31-43B5-4DF6-B374-A14BAA1A874D}.Debug|ARM64.ActiveCfg = Debug|ARM64
		{85137B31-43B5-4DF6-B374-A14BAA1A874D}.Debug|ARM64.Build.0 = Debug|ARM64
		{85137B31-43B5-4DF6-B374-A14BAA1A874D}.Debug|x64.ActiveCfg = Debug|x64
		{85137B31-43B5-4DF6-B374-A14BAA1A874D}.Debug|x64.Build.0 = Debug|x64
		{85137B31-43B5-4DF6-B374-A14BAA1A874D}.Release|ARM64.ActiveCfg = Release|ARM64
		{85137B31-43B5-4DF6-B374-A14BAA1A874D}.Release|ARM64.Build.0 = Release|ARM64
		{85137B31-43B5-4DF6-B374-A14BAA1A874D}.Release|x64.ActiveCfg = Release|x64
		{85137B31-43B5-4DF6-B374-A14BAA1A874D}.Release|x64.Build.0 = Release|x64
	EndGlobalSection
	GlobalSection(SolutionProperties) = preSolution
		HideSolutionNode = FALSE
	EndGlobalSection
EndGlobal
